
Microsoft Visual Studio Solution File, Format Version 12.00
# Visual Studio 14
VisualStudioVersion = 14.0.24720.0
MinimumVisualStudioVersion = 10.0.40219.1
Project("{FAE04EC0-301F-11D3-BF4B-00C04F79EFBC}") = "AppCepru", "AppCepru\AppCepru.csproj", "{928E094E-A247-4869-9644-3A6F7DD743C6}"
EndProject
Project("{FAE04EC0-301F-11D3-BF4B-00C04F79EFBC}") = "LibClases", "LibClases\LibClases.csproj", "{AE7D84AF-09EA-49FF-9D92-DFCD5C71651F}"
EndProject
Project("{FAE04EC0-301F-11D3-BF4B-00C04F79EFBC}") = "LibFormularios", "LibFormularios\LibFormularios.csproj", "{44F8AF8F-EDFA-4CDB-AF0B-0F4694852B4B}"
EndProject
Global
	GlobalSection(SolutionConfigurationPlatforms) = preSolution
		Debug|Any CPU = Debug|Any CPU
		Release|Any CPU = Release|Any CPU
	EndGlobalSection
	GlobalSection(ProjectConfigurationPlatforms) = postSolution
		{928E094E-A247-4869-9644-3A6F7DD743C6}.Debug|Any CPU.ActiveCfg = Debug|Any CPU
		{928E094E-A247-4869-9644-3A6F7DD743C6}.Debug|Any CPU.Build.0 = Debug|Any CPU
		{928E094E-A247-4869-9644-3A6F7DD743C6}.Release|Any CPU.ActiveCfg = Release|Any CPU
		{928E094E-A247-4869-9644-3A6F7DD743C6}.Release|Any CPU.Build.0 = Release|Any CPU
		{AE7D84AF-09EA-49FF-9D92-DFCD5C71651F}.Debug|Any CPU.ActiveCfg = Debug|Any CPU
		{AE7D84AF-09EA-49FF-9D92-DFCD5C71651F}.Debug|Any CPU.Build.0 = Debug|Any CPU
		{AE7D84AF-09EA-49FF-9D92-DFCD5C71651F}.Release|Any CPU.ActiveCfg = Release|Any CPU
		{AE7D84AF-09EA-49FF-9D92-DFCD5C71651F}.Release|Any CPU.Build.0 = Release|Any CPU
		{44F8AF8F-EDFA-4CDB-AF0B-0F4694852B4B}.Debug|Any CPU.ActiveCfg = Debug|Any CPU
		{44F8AF8F-EDFA-4CDB-AF0B-0F4694852B4B}.Debug|Any CPU.Build.0 = Debug|Any CPU
		{44F8AF8F-EDFA-4CDB-AF0B-0F4694852B4B}.Release|Any CPU.ActiveCfg = Release|Any CPU
		{44F8AF8F-EDFA-4CDB-AF0B-0F4694852B4B}.Release|Any CPU.Build.0 = Release|Any CPU
	EndGlobalSection
	GlobalSection(SolutionProperties) = preSolution
		HideSolutionNode = FALSE
	EndGlobalSection
EndGlobal
